PODS:
  - Firebase/Analytics (9.2.0):
    - Firebase/Core
  - Firebase/Core (9.2.0):
    - Firebase/CoreOnly
    - FirebaseAnalytics (~> 9.2.0)
  - Firebase/CoreOnly (9.2.0):
    - FirebaseCore (= 9.2.0)
  - Firebase/Crashlytics (9.2.0):
    - Firebase/CoreOnly
    - FirebaseCrashlytics (~> 9.2.0)
  - FirebaseAnalytics (9.2.0):
    - FirebaseAnalytics/AdIdSupport (= 9.2.0)
    - FirebaseCore (~> 9.0)
    - FirebaseInstallations (~> 9.0)
    - GoogleUtilities/AppDelegateSwizzler (~> 7.7)
    - GoogleUtilities/MethodSwizzler (~> 7.7)
    - GoogleUtilities/Network (~> 7.7)
    - "GoogleUtilities/NSData+zlib (~> 7.7)"
    - nanopb (< 2.30910.0, >= 2.30908.0)
  - FirebaseAnalytics/AdIdSupport (9.2.0):
    - FirebaseCore (~> 9.0)
    - FirebaseInstallations (~> 9.0)
    - GoogleAppMeasurement (= 9.2.0)
    - GoogleUtilities/AppDelegateSwizzler (~> 7.7)
    - GoogleUtilities/MethodSwizzler (~> 7.7)
    - GoogleUtilities/Network (~> 7.7)
    - "GoogleUtilities/NSData+zlib (~> 7.7)"
    - nanopb (< 2.30910.0, >= 2.30908.0)
  - FirebaseCore (9.2.0):
    - FirebaseCoreDiagnostics (~> 9.0)
    - FirebaseCoreInternal (~> 9.0)
    - GoogleUtilities/Environment (~> 7.7)
    - GoogleUtilities/Logger (~> 7.7)
  - FirebaseCoreDiagnostics (9.2.0):
    - GoogleDataTransport (< 10.0.0, >= 9.1.4)
    - GoogleUtilities/Environment (~> 7.7)
    - GoogleUtilities/Logger (~> 7.7)
    - nanopb (< 2.30910.0, >= 2.30908.0)
  - FirebaseCoreInternal (9.2.0):
    - "GoogleUtilities/NSData+zlib (~> 7.7)"
  - FirebaseCrashlytics (9.2.0):
    - FirebaseCore (~> 9.0)
    - FirebaseInstallations (~> 9.0)
    - GoogleDataTransport (< 10.0.0, >= 9.1.4)
    - GoogleUtilities/Environment (~> 7.7)
    - nanopb (< 2.30910.0, >= 2.30908.0)
    - PromisesObjC (~> 2.1)
  - FirebaseInstallations (9.2.0):
    - FirebaseCore (~> 9.0)
    - GoogleUtilities/Environment (~> 7.7)
    - GoogleUtilities/UserDefaults (~> 7.7)
    - PromisesObjC (~> 2.1)
  - GADManager (1.2.24):
    - Google-Mobile-Ads-SDK
  - Google-Mobile-Ads-SDK (9.6.0):
    - GoogleAppMeasurement (< 10.0, >= 7.0)
    - GoogleUserMessagingPlatform (>= 1.1)
  - GoogleAppMeasurement (9.2.0):
    - GoogleAppMeasurement/AdIdSupport (= 9.2.0)
    - GoogleUtilities/AppDelegateSwizzler (~> 7.7)
    - GoogleUtilities/MethodSwizzler (~> 7.7)
    - GoogleUtilities/Network (~> 7.7)
    - "GoogleUtilities/NSData+zlib (~> 7.7)"
    - nanopb (< 2.30910.0, >= 2.30908.0)
  - GoogleAppMeasurement/AdIdSupport (9.2.0):
    - GoogleAppMeasurement/WithoutAdIdSupport (= 9.2.0)
    - GoogleUtilities/AppDelegateSwizzler (~> 7.7)
    - GoogleUtilities/MethodSwizzler (~> 7.7)
    - GoogleUtilities/Network (~> 7.7)
    - "GoogleUtilities/NSData+zlib (~> 7.7)"
    - nanopb (< 2.30910.0, >= 2.30908.0)
  - GoogleAppMeasurement/WithoutAdIdSupport (9.2.0):
    - GoogleUtilities/AppDelegateSwizzler (~> 7.7)
    - GoogleUtilities/MethodSwizzler (~> 7.7)
    - GoogleUtilities/Network (~> 7.7)
    - "GoogleUtilities/NSData+zlib (~> 7.7)"
    - nanopb (< 2.30910.0, >= 2.30908.0)
  - GoogleDataTransport (9.1.4):
    - GoogleUtilities/Environment (~> 7.7)
    - nanopb (< 2.30910.0, >= 2.30908.0)
    - PromisesObjC (< 3.0, >= 1.2)
  - GoogleUserMessagingPlatform (2.0.0)
  - GoogleUtilities/AppDelegateSwizzler (7.7.0):
    - GoogleUtilities/Environment
    - GoogleUtilities/Logger
    - GoogleUtilities/Network
  - GoogleUtilities/Environment (7.7.0):
    - PromisesObjC (< 3.0, >= 1.2)
  - GoogleUtilities/Logger (7.7.0):
    - GoogleUtilities/Environment
  - GoogleUtilities/MethodSwizzler (7.7.0):
    - GoogleUtilities/Logger
  - GoogleUtilities/Network (7.7.0):
    - GoogleUtilities/Logger
    - "GoogleUtilities/NSData+zlib"
    - GoogleUtilities/Reachability
  - "GoogleUtilities/NSData+zlib (7.7.0)"
  - GoogleUtilities/Reachability (7.7.0):
    - GoogleUtilities/Logger
  - GoogleUtilities/UserDefaults (7.7.0):
    - GoogleUtilities/Logger
  - KakaoOpenSDK (1.23.10):
    - KakaoOpenSDK/KakaoCommon (= 1.23.10)
    - KakaoOpenSDK/KakaoLink (= 1.23.10)
    - KakaoOpenSDK/KakaoMessageTemplate (= 1.23.10)
    - KakaoOpenSDK/KakaoNavi (= 1.23.10)
    - KakaoOpenSDK/KakaoOpenSDK (= 1.23.10)
    - KakaoOpenSDK/KakaoPlusFriend (= 1.23.10)
  - KakaoOpenSDK/KakaoCommon (1.23.10)
  - KakaoOpenSDK/KakaoLink (1.23.10):
    - KakaoOpenSDK/KakaoCommon
    - KakaoOpenSDK/KakaoMessageTemplate
  - KakaoOpenSDK/KakaoMessageTemplate (1.23.10)
  - KakaoOpenSDK/KakaoNavi (1.23.10):
    - KakaoOpenSDK/KakaoCommon
  - KakaoOpenSDK/KakaoOpenSDK (1.23.10):
    - KakaoOpenSDK/KakaoMessageTemplate
  - KakaoOpenSDK/KakaoPlusFriend (1.23.10):
    - KakaoOpenSDK/KakaoCommon
  - LSExtensions (0.1.18)
  - Material (3.1.8):
    - Material/Core (= 3.1.8)
  - Material/Core (3.1.8):
    - Motion (~> 3.1.1)
  - MBProgressHUD (1.2.0)
  - Motion (3.1.3):
    - Motion/Core (= 3.1.3)
  - Motion/Core (3.1.3)
  - nanopb (2.30909.0):
    - nanopb/decode (= 2.30909.0)
    - nanopb/encode (= 2.30909.0)
  - nanopb/decode (2.30909.0)
  - nanopb/encode (2.30909.0)
  - PromisesObjC (2.1.1)
  - "UITextView+Placeholder (1.4.0)"

DEPENDENCIES:
  - Firebase/Analytics
  - Firebase/Crashlytics
  - GADManager
  - KakaoOpenSDK
  - LSExtensions
  - Material
  - MBProgressHUD
  - "UITextView+Placeholder"

SPEC REPOS:
  trunk:
    - Firebase
    - FirebaseAnalytics
    - FirebaseCore
    - FirebaseCoreDiagnostics
    - FirebaseCoreInternal
    - FirebaseCrashlytics
    - FirebaseInstallations
    - GADManager
    - Google-Mobile-Ads-SDK
    - GoogleAppMeasurement
    - GoogleDataTransport
    - GoogleUserMessagingPlatform
    - GoogleUtilities
    - KakaoOpenSDK
    - LSExtensions
    - Material
    - MBProgressHUD
    - Motion
    - nanopb
    - PromisesObjC
    - "UITextView+Placeholder"

SPEC CHECKSUMS:
  Firebase: 4ba896cb8e5105d4b9e247e1c1b6222b548df55a
  FirebaseAnalytics: af5a03a8dff7648c7b8486f6a78b1368e0268dd3
  FirebaseCore: 0e27f2a15d8f7b7ef11e7d93e23b1cbab55d748c
  FirebaseCoreDiagnostics: ad3f6c68b7c5b63b7cf15b0785d7137f05f32268
  FirebaseCoreInternal: cb966328b6985dbd6f535e1461291063e1c4a00f
  FirebaseCrashlytics: 9fff819edb2bfc9d3eff612225b207d41945a935
  FirebaseInstallations: 21186f0ca7849f90f4a3219fa31a5eca2e30f113
  GADManager: c9f11906c6416df1dec58c7ec96d544d5899e3e5
  Google-Mobile-Ads-SDK: bdf13d37aa77e368510687b5305d4972b4f9e9c7
  GoogleAppMeasurement: 7a33224321f975d58c166657260526775d9c6b1a
  GoogleDataTransport: 5fffe35792f8b96ec8d6775f5eccd83c998d5a3b
  GoogleUserMessagingPlatform: ab890ce5f6620f293a21b6bdd82e416a2c73aeca
  GoogleUtilities: e0913149f6b0625b553d70dae12b49fc62914fd1
  KakaoOpenSDK: 4ca85d4c8a50dd42d4713981dd249af9080d7563
  LSExtensions: ef29edd723b1edbaa9d011c8b88bd7f7baed794f
  Material: a2a3f400a3b549d53ef89e56c58c4535b29db387
  MBProgressHUD: 3ee5efcc380f6a79a7cc9b363dd669c5e1ae7406
  Motion: cf1e060e489f6661126374d5c60dbd2ed991605c
  nanopb: b552cce312b6c8484180ef47159bc0f65a1f0431
  PromisesObjC: ab77feca74fa2823e7af4249b8326368e61014cb
  "UITextView+Placeholder": d7b0c400921f66523f3a85d74f774512e14f6502

PODFILE CHECKSUM: 4db9276a95294342ecf7f037da8a591786bb26cf

COCOAPODS: 1.11.3
